// !$*UTF8*$!
{
	archiveVersion = 1;
	classes = {
	};
	objectVersion = 50;
	objects = {

/* Begin PBXBuildFile section */
		FDDFE1B7265FE3B1004087B9 /* AppDelegate.swift in Sources */ = {isa = PBXBuildFile; fileRef = FDDFE1B6265FE3B1004087B9 /* AppDelegate.swift */; };
		FDDFE1B9265FE3B1004087B9 /* SceneDelegate.swift in Sources */ = {isa = PBXBuildFile; fileRef = FDDFE1B8265FE3B1004087B9 /* SceneDelegate.swift */; };
		FDDFE1BE265FE3B1004087B9 /* Main.storyboard in Resources */ = {isa = PBXBuildFile; fileRef = FDDFE1BC265FE3B1004087B9 /* Main.storyboard */; };
		FDDFE1C0265FE3B2004087B9 /* Assets.xcassets in Resources */ = {isa = PBXBuildFile; fileRef = FDDFE1BF265FE3B2004087B9 /* Assets.xcassets */; };
		FDDFE1C3265FE3B2004087B9 /* LaunchScreen.storyboard in Resources */ = {isa = PBXBuildFile; fileRef = FDDFE1C1265FE3B2004087B9 /* LaunchScreen.storyboard */; };
		FDDFE1CF265FF7F8004087B9 /* WelcomeViewController.swift in Sources */ = {isa = PBXBuildFile; fileRef = FDDFE1CE265FF7F8004087B9 /* WelcomeViewController.swift */; };
		FDDFE1D3265FFA1C004087B9 /* LoginViewController.swift in Sources */ = {isa = PBXBuildFile; fileRef = FDDFE1D2265FFA1C004087B9 /* LoginViewController.swift */; };
/* End PBXBuildFile section */

/* Begin PBXFileReference section */
		FDDFE1B3265FE3B1004087B9 /* repeatHW3.app */ = {isa = PBXFileReference; explicitFileType = wrapper.application; includeInIndex = 0; path = repeatHW3.app; sourceTree = BUILT_PRODUCTS_DIR; };
		FDDFE1B6265FE3B1004087B9 /* AppDelegate.swift */ = {isa = PBXFileReference; lastKnownFileType = sourcecode.swift; path = AppDelegate.swift; sourceTree = "<group>"; };
		FDDFE1B8265FE3B1004087B9 /* SceneDelegate.swift */ = {isa = PBXFileReference; lastKnownFileType = sourcecode.swift; path = SceneDelegate.swift; sourceTree = "<group>"; };
		FDDFE1BD265FE3B1004087B9 /* Base */ = {isa = PBXFileReference; lastKnownFileType = file.storyboard; name = Base; path = Base.lproj/Main.storyboard; sourceTree = "<group>"; };
		FDDFE1BF265FE3B2004087B9 /* Assets.xcassets */ = {isa = PBXFileReference; lastKnownFileType = folder.assetcatalog; path = Assets.xcassets; sourceTree = "<group>"; };
		FDDFE1C2265FE3B2004087B9 /* Base */ = {isa = PBXFileReference; lastKnownFileType = file.storyboard; name = Base; path = Base.lproj/LaunchScreen.storyboard; sourceTree = "<group>"; };
		FDDFE1C4265FE3B2004087B9 /* Info.plist */ = {isa = PBXFileReference; lastKnownFileType = text.plist.xml; path = Info.plist; sourceTree = "<group>"; };
		FDDFE1CE265FF7F8004087B9 /* WelcomeViewController.swift */ = {isa = PBXFileReference; lastKnownFileType = sourcecode.swift; path = WelcomeViewController.swift; sourceTree = "<group>"; };
		FDDFE1D2265FFA1C004087B9 /* LoginViewController.swift */ = {isa = PBXFileReference; lastKnownFileType = sourcecode.swift; path = LoginViewController.swift; sourceTree = "<group>"; };
/* End PBXFileReference section */

/* Begin PBXFrameworksBuildPhase section */
		FDDFE1B0265FE3B1004087B9 /* Frameworks */ = {
			isa = PBXFrameworksBuildPhase;
			buildActionMask = 2147483647;
			files = (
			);
			runOnlyForDeploymentPostprocessing = 0;
		};
/* End PBXFrameworksBuildPhase section */

/* Begin PBXGroup section */
		FDDFE1AA265FE3B1004087B9 = {
			isa = PBXGroup;
			children = (
				FDDFE1B5265FE3B1004087B9 /* repeatHW3 */,
				FDDFE1B4265FE3B1004087B9 /* Products */,
			);
			sourceTree = "<group>";
		};
		FDDFE1B4265FE3B1004087B9 /* Products */ = {
			isa = PBXGroup;
			children = (
				FDDFE1B3265FE3B1004087B9 /* repeatHW3.app */,
			);
			name = Products;
			sourceTree = "<group>";
		};
		FDDFE1B5265FE3B1004087B9 /* repeatHW3 */ = {
			isa = PBXGroup;
			children = (
				FDDFE1B6265FE3B1004087B9 /* AppDelegate.swift */,
				FDDFE1B8265FE3B1004087B9 /* SceneDelegate.swift */,
				FDDFE1BC265FE3B1004087B9 /* Main.storyboard */,
				FDDFE1D2265FFA1C004087B9 /* LoginViewController.swift */,
				FDDFE1CE265FF7F8004087B9 /* WelcomeViewController.swift */,
				FDDFE1BF265FE3B2004087B9 /* Assets.xcassets */,
				FDDFE1C1265FE3B2004087B9 /* LaunchScreen.storyboard */,
				FDDFE1C4265FE3B2004087B9 /* Info.plist */,
			);
			path = repeatHW3;
			sourceTree = "<group>";
		};
/* End PBXGroup section */

/* Begin PBXNativeTarget section */
		FDDFE1B2265FE3B1004087B9 /* repeatHW3 */ = {
			isa = PBXNativeTarget;
			buildConfigurationList = FDDFE1C7265FE3B2004087B9 /* Build configuration list for PBXNativeTarget "repeatHW3" */;
			buildPhases = (
				FDDFE1AF265FE3B1004087B9 /* Sources */,
				FDDFE1B0265FE3B1004087B9 /* Frameworks */,
				FDDFE1B1265FE3B1004087B9 /* Resources */,
			);
			buildRules = (
			);
			dependencies = (
			);
			name = repeatHW3;
			productName = repeatHW3;
			productReference = FDDFE1B3265FE3B1004087B9 /* repeatHW3.app */;
			productType = "com.apple.product-type.application";
		};
/* End PBXNativeTarget section */

/* Begin PBXProject section */
		FDDFE1AB265FE3B1004087B9 /* Project object */ = {
			isa = PBXProject;
			attributes = {
				LastSwiftUpdateCheck = 1240;
				LastUpgradeCheck = 1240;
				TargetAttributes = {
					FDDFE1B2265FE3B1004087B9 = {
						CreatedOnToolsVersion = 12.4;
					};
				};
			};
			buildConfigurationList = FDDFE1AE265FE3B1004087B9 /* Build configuration list for PBXProject "repeatHW3" */;
			compatibilityVersion = "Xcode 9.3";
			developmentRegion = en;
			hasScannedForEncodings = 0;
			knownRegions = (
				en,
				Base,
			);
			mainGroup = FDDFE1AA265FE3B1004087B9;
			productRefGroup = FDDFE1B4265FE3B1004087B9 /* Products */;
			projectDirPath = "";
			projectRoot = "";
			targets = (
				FDDFE1B2265FE3B1004087B9 /* repeatHW3 */,
			);
		};
/* End PBXProject section */

/* Begin PBXResourcesBuildPhase section */
		FDDFE1B1265FE3B1004087B9 /* Resources */ = {
			isa = PBXResourcesBuildPhase;
			buildActionMask = 2147483647;
			files = (
				FDDFE1C3265FE3B2004087B9 /* LaunchScreen.storyboard in Resources */,
				FDDFE1C0265FE3B2004087B9 /* Assets.xcassets in Resources */,
				FDDFE1BE265FE3B1004087B9 /* Main.storyboard in Resources */,
			);
			runOnlyForDeploymentPostprocessing = 0;
		};
/* End PBXResourcesBuildPhase section */

/* Begin PBXSourcesBuildPhase section */
		FDDFE1AF265FE3B1004087B9 /* Sources */ = {
			isa = PBXSourcesBuildPhase;
			buildActionMask = 2147483647;
			files = (
				FDDFE1D3265FFA1C004087B9 /* LoginViewController.swift in Sources */,
				FDDFE1CF265FF7F8004087B9 /* WelcomeViewController.swift in Sources */,
				FDDFE1B7265FE3B1004087B9 /* AppDelegate.swift in Sources */,
				FDDFE1B9265FE3B1004087B9 /* SceneDelegate.swift in Sources */,
			);
			runOnlyForDeploymentPostprocessing = 0;
		};
/* End PBXSourcesBuildPhase section */

/* Begin PBXVariantGroup section */
		FDDFE1BC265FE3B1004087B9 /* Main.storyboard */ = {
			isa = PBXVariantGroup;
			children = (
				FDDFE1BD265FE3B1004087B9 /* Base */,
			);
			name = Main.storyboard;
			sourceTree = "<group>";
		};
		FDDFE1C1265FE3B2004087B9 /* LaunchScreen.storyboard */ = {
			isa = PBXVariantGroup;
			children = (
				FDDFE1C2265FE3B2004087B9 /* Base */,
			);
			name = LaunchScreen.storyboard;
			sourceTree = "<group>";
		};
/* End PBXVariantGroup section */

/* Begin XCBuildConfiguration section */
		FDDFE1C5265FE3B2004087B9 /* Debug */ = {
			isa = XCBuildConfiguration;
			buildSettings = {
				ALWAYS_SEARCH_USER_PATHS = NO;
				CLANG_ANALYZER_NONNULL = YES;
				CLANG_ANALYZER_NUMBER_OBJECT_CONVERSION = YES_AGGRESSIVE;
				CLANG_CXX_LANGUAGE_STANDARD = "gnu++14";
				CLANG_CXX_LIBRARY = "libc++";
				CLANG_ENABLE_MODULES = YES;
				CLANG_ENABLE_OBJC_ARC = YES;
				CLANG_ENABLE_OBJC_WEAK = YES;
				CLANG_WARN_BLOCK_CAPTURE_AUTORELEASING = YES;
				CLANG_WARN_BOOL_CONVERSION = YES;
				CLANG_WARN_COMMA = YES;
				CLANG_WARN_CONSTANT_CONVERSION = YES;
				CLANG_WARN_DEPRECATED_OBJC_IMPLEMENTATIONS = YES;
				CLANG_WARN_DIRECT_OBJC_ISA_USAGE = YES_ERROR;
				CLANG_WARN_DOCUMENTATION_COMMENTS = YES;
				CLANG_WARN_EMPTY_BODY = YES;
				CLANG_WARN_ENUM_CONVERSION = YES;
				CLANG_WARN_INFINITE_RECURSION = YES;
				CLANG_WARN_INT_CONVERSION = YES;
				CLANG_WARN_NON_LITERAL_NULL_CONVERSION = YES;
				CLANG_WARN_OBJC_IMPLICIT_RETAIN_SELF = YES;
				CLANG_WARN_OBJC_LITERAL_CONVERSION = YES;
				CLANG_WARN_OBJC_ROOT_CLASS = YES_ERROR;
				CLANG_WARN_QUOTED_INCLUDE_IN_FRAMEWORK_HEADER = YES;
				CLANG_WARN_RANGE_LOOP_ANALYSIS = YES;
				CLANG_WARN_STRICT_PROTOTYPES = YES;
				CLANG_WARN_SUSPICIOUS_MOVE = YES;
				CLANG_WARN_UNGUARDED_AVAILABILITY = YES_AGGRESSIVE;
				CLANG_WARN_UNREACHABLE_CODE = YES;
				CLANG_WARN__DUPLICATE_METHOD_MATCH = YES;
				COPY_PHASE_STRIP = NO;
				DEBUG_INFORMATION_FORMAT = dwarf;
				ENABLE_STRICT_OBJC_MSGSEND = YES;
				ENABLE_TESTABILITY = YES;
				GCC_C_LANGUAGE_STANDARD = gnu11;
				GCC_DYNAMIC_NO_PIC = NO;
				GCC_NO_COMMON_BLOCKS = YES;
				GCC_OPTIMIZATION_LEVEL = 0;
				GCC_PREPROCESSOR_DEFINITIONS = (
					"DEBUG=1",
					"$(inherited)",
				);
				GCC_WARN_64_TO_32_BIT_CONVERSION = YES;
				GCC_WARN_ABOUT_RETURN_TYPE = YES_ERROR;
				GCC_WARN_UNDECLARED_SELECTOR = YES;
				GCC_WARN_UNINITIALIZED_AUTOS = YES_AGGRESSIVE;
				GCC_WARN_UNUSED_FUNCTION = YES;
				GCC_WARN_UNUSED_VARIABLE = YES;
				IPHONEOS_DEPLOYMENT_TARGET = 14.4;
				MTL_ENABLE_DEBUG_INFO = INCLUDE_SOURCE;
				MTL_FAST_MATH = YES;
				ONLY_ACTIVE_ARCH = YES;
				SDKROOT = iphoneos;
				SWIFT_ACTIVE_COMPILATION_CONDITIONS = DEBUG;
				SWIFT_OPTIMIZATION_LEVEL = "-Onone";
			};
			name = Debug;
		};
		FDDFE1C6265FE3B2004087B9 /* Release */ = {
			isa = XCBuildConfiguration;
			buildSettings = {
				ALWAYS_SEARCH_USER_PATHS = NO;
				CLANG_ANALYZER_NONNULL = YES;
				CLANG_ANALYZER_NUMBER_OBJECT_CONVERSION = YES_AGGRESSIVE;
				CLANG_CXX_LANGUAGE_STANDARD = "gnu++14";
				CLANG_CXX_LIBRARY = "libc++";
				CLANG_ENABLE_MODULES = YES;
				CLANG_ENABLE_OBJC_ARC = YES;
				CLANG_ENABLE_OBJC_WEAK = YES;
				CLANG_WARN_BLOCK_CAPTURE_AUTORELEASING = YES;
				CLANG_WARN_BOOL_CONVERSION = YES;
				CLANG_WARN_COMMA = YES;
				CLANG_WARN_CONSTANT_CONVERSION = YES;
				CLANG_WARN_DEPRECATED_OBJC_IMPLEMENTATIONS = YES;
				CLANG_WARN_DIRECT_OBJC_ISA_USAGE = YES_ERROR;
				CLANG_WARN_DOCUMENTATION_COMMENTS = YES;
				CLANG_WARN_EMPTY_BODY = YES;
				CLANG_WARN_ENUM_CONVERSION = YES;
				CLANG_WARN_INFINITE_RECURSION = YES;
				CLANG_WARN_INT_CONVERSION = YES;
				CLANG_WARN_NON_LITERAL_NULL_CONVERSION = YES;
				CLANG_WARN_OBJC_IMPLICIT_RETAIN_SELF = YES;
				CLANG_WARN_OBJC_LITERAL_CONVERSION = YES;
				CLANG_WARN_OBJC_ROOT_CLASS = YES_ERROR;
				CLANG_WARN_QUOTED_INCLUDE_IN_FRAMEWORK_HEADER = YES;
				CLANG_WARN_RANGE_LOOP_ANALYSIS = YES;
				CLANG_WARN_STRICT_PROTOTYPES = YES;
				CLANG_WARN_SUSPICIOUS_MOVE = YES;
				CLANG_WARN_UNGUARDED_AVAILABILITY = YES_AGGRESSIVE;
				CLANG_WARN_UNREACHABLE_CODE = YES;
				CLANG_WARN__DUPLICATE_METHOD_MATCH = YES;
				COPY_PHASE_STRIP = NO;
				DEBUG_INFORMATION_FORMAT = "dwarf-with-dsym";
				ENABLE_NS_ASSERTIONS = NO;
				ENABLE_STRICT_OBJC_MSGSEND = YES;
				GCC_C_LANGUAGE_STANDARD = gnu11;
				GCC_NO_COMMON_BLOCKS = YES;
				GCC_WARN_64_TO_32_BIT_CONVERSION = YES;
				GCC_WARN_ABOUT_RETURN_TYPE = YES_ERROR;
				GCC_WARN_UNDECLARED_SELECTOR = YES;
				GCC_WARN_UNINITIALIZED_AUTOS = YES_AGGRESSIVE;
				GCC_WARN_UNUSED_FUNCTION = YES;
				GCC_WARN_UNUSED_VARIABLE = YES;
				IPHONEOS_DEPLOYMENT_TARGET = 14.4;
				MTL_ENABLE_DEBUG_INFO = NO;
				MTL_FAST_MATH = YES;
				SDKROOT = iphoneos;
				SWIFT_COMPILATION_MODE = wholemodule;
				SWIFT_OPTIMIZATION_LEVEL = "-O";
				VALIDATE_PRODUCT = YES;
			};
			name = Release;
		};
		FDDFE1C8265FE3B2004087B9 /* Debug */ = {
			isa = XCBuildConfiguration;
			buildSettings = {
				ASSETCATALOG_COMPILER_APPICON_NAME = AppIcon;
				ASSETCATALOG_COMPILER_GLOBAL_ACCENT_COLOR_NAME = AccentColor;
				CODE_SIGN_STYLE = Automatic;
				DEVELOPMENT_TEAM = V33Z9QA482;
				INFOPLIST_FILE = repeatHW3/Info.plist;
				LD_RUNPATH_SEARCH_PATHS = (
					"$(inherited)",
					"@executable_path/Frameworks",
				);
				PRODUCT_BUNDLE_IDENTIFIER = ru.swiftbook.repeatHW3;
				PRODUCT_NAME = "$(TARGET_NAME)";
				SWIFT_VERSION = 5.0;
				TARGETED_DEVICE_FAMILY = 1;
			};
			name = Debug;
		};
		FDDFE1C9265FE3B2004087B9 /* Release */ = {
			isa = XCBuildConfiguration;
			buildSettings = {
				ASSETCATALOG_COMPILER_APPICON_NAME = AppIcon;
				ASSETCATALOG_COMPILER_GLOBAL_ACCENT_COLOR_NAME = AccentColor;
				CODE_SIGN_STYLE = Automatic;
				DEVELOPMENT_TEAM = V33Z9QA482;
				INFOPLIST_FILE = repeatHW3/Info.plist;
				LD_RUNPATH_SEARCH_PATHS = (
					"$(inherited)",
					"@executable_path/Frameworks",
				);
				PRODUCT_BUNDLE_IDENTIFIER = ru.swiftbook.repeatHW3;
				PRODUCT_NAME = "$(TARGET_NAME)";
				SWIFT_VERSION = 5.0;
				TARGETED_DEVICE_FAMILY = 1;
			};
			name = Release;
		};
/* End XCBuildConfiguration section */

/* Begin XCConfigurationList section */
		FDDFE1AE265FE3B1004087B9 /* Build configuration list for PBXProject "repeatHW3" */ = {
			isa = XCConfigurationList;
			buildConfigurations = (
				FDDFE1C5265FE3B2004087B9 /* Debug */,
				FDDFE1C6265FE3B2004087B9 /* Release */,
			);
			defaultConfigurationIsVisible = 0;
			defaultConfigurationName = Release;
		};
		FDDFE1C7265FE3B2004087B9 /* Build configuration list for PBXNativeTarget "repeatHW3" */ = {
			isa = XCConfigurationList;
			buildConfigurations = (
				FDDFE1C8265FE3B2004087B9 /* Debug */,
				FDDFE1C9265FE3B2004087B9 /* Release */,
			);
			defaultConfigurationIsVisible = 0;
			defaultConfigurationName = Release;
		};
/* End XCConfigurationList section */
	};
	rootObject = FDDFE1AB265FE3B1004087B9 /* Project object */;
}
